
Microsoft Visual Studio Solution File, Format Version 12.00
# Visual Studio 15
VisualStudioVersion = 15.0.27703.2000
MinimumVisualStudioVersion = 10.0.40219.1
Project("{FAE04EC0-301F-11D3-BF4B-00C04F79EFBC}") = "Resource.Server.Web.Api", "Resource.Server.Web.Api\Resource.Server.Web.Api.csproj", "{02E568F8-5A5D-41DC-9AD3-50CCAFE22450}"
EndProject
Project("{FAE04EC0-301F-11D3-BF4B-00C04F79EFBC}") = "Authentication.Server.Web", "Authentication.Server.Web\Authentication.Server.Web.csproj", "{8FB4635A-A301-48E5-A4AA-ABC4EACED9FB}"
EndProject
Global
	GlobalSection(SolutionConfigurationPlatforms) = preSolution
		Debug|Any CPU = Debug|Any CPU
		Release|Any CPU = Release|Any CPU
	EndGlobalSection
	GlobalSection(ProjectConfigurationPlatforms) = postSolution
		{02E568F8-5A5D-41DC-9AD3-50CCAFE22450}.Debug|Any CPU.ActiveCfg = Debug|Any CPU
		{02E568F8-5A5D-41DC-9AD3-50CCAFE22450}.Debug|Any CPU.Build.0 = Debug|Any CPU
		{02E568F8-5A5D-41DC-9AD3-50CCAFE22450}.Release|Any CPU.ActiveCfg = Release|Any CPU
		{02E568F8-5A5D-41DC-9AD3-50CCAFE22450}.Release|Any CPU.Build.0 = Release|Any CPU
		{8FB4635A-A301-48E5-A4AA-ABC4EACED9FB}.Debug|Any CPU.ActiveCfg = Debug|Any CPU
		{8FB4635A-A301-48E5-A4AA-ABC4EACED9FB}.Debug|Any CPU.Build.0 = Debug|Any CPU
		{8FB4635A-A301-48E5-A4AA-ABC4EACED9FB}.Release|Any CPU.ActiveCfg = Release|Any CPU
		{8FB4635A-A301-48E5-A4AA-ABC4EACED9FB}.Release|Any CPU.Build.0 = Release|Any CPU
	EndGlobalSection
	GlobalSection(SolutionProperties) = preSolution
		HideSolutionNode = FALSE
	EndGlobalSection
	GlobalSection(ExtensibilityGlobals) = postSolution
		SolutionGuid = {D764DB1E-79E0-4F0C-AEF7-A7F339E64705}
	EndGlobalSection
EndGlobal
